PODS:
  - Base58Swift (2.1.10):
    - BigInt (~> 5.0.0)
  - BigInt (5.0.0)
  - Blake2 (0.1.2)
  - CommonSwift (1.0.0):
    - BigInt (~> 5.0.0)
  - HashingSwift (1.0.0):
    - Base58Swift (= 2.1.10)
    - Blake2 (= 0.1.2)
    - CommonSwift (= 1.0.0)
    - KeccakSwift (= 1.0.0)
    - xxHash-Swift (= 1.1.1)
  - KeccakC (1.0.0)
  - KeccakSwift (1.0.0):
    - KeccakC (= 1.0.0)
  - xxHash-Swift (1.1.1)

DEPENDENCIES:
  - CommonSwift (from `https://github.com/sublabdev/common-swift.git`, branch `dev`)
  - HashingSwift (from `../`)

SPEC REPOS:
  trunk:
    - Base58Swift
    - BigInt
    - Blake2
    - KeccakC
    - KeccakSwift
    - xxHash-Swift

EXTERNAL SOURCES:
  CommonSwift:
    :branch: dev
    :git: https://github.com/sublabdev/common-swift.git
  HashingSwift:
    :path: "../"

CHECKOUT OPTIONS:
  CommonSwift:
    :commit: 24cc1514dedb0755a86ae8b6752778a4ff54fb95
    :git: https://github.com/sublabdev/common-swift.git

SPEC CHECKSUMS:
  Base58Swift: 53d551f0b33d9478fa63b3445e453a772d6b31a7
  BigInt: 74b4d88367b0e819d9f77393549226d36faeb0d8
  Blake2: f33072b13349da1b8048a2bf26a3a24d4eac6dcc
  CommonSwift: ad350f0e06c040e5cb660cd7154f947851c73fbd
  HashingSwift: 146b65631c26f10e2b699efdff38cf338affe559
  KeccakC: f5c18471a67e3bcabbd3427696bb653ef1e28b88
  KeccakSwift: cafb62fc6886d980a85e8ab5106367b794d76074
  xxHash-Swift: 13ebcbfc48658a5acf3777751e64b18c0f110d25

PODFILE CHECKSUM: 94e0abb08bcbfe869a91c6f141ccbf5fea8b0d0d

COCOAPODS: 1.12.1
